
Microsoft Visual Studio Solution File, Format Version 12.00
# Visual Studio Version 16
VisualStudioVersion = 16.0.30413.136
MinimumVisualStudioVersion = 10.0.40219.1
Project("{FAE04EC0-301F-11D3-BF4B-00C04F79EFBC}") = "SimonThatcher", "SimonThatcher\SimonThatcher.csproj", "{2258EE03-77A1-4AD4-BBB0-E7A7FD720862}"
EndProject
Global
	GlobalSection(SolutionConfigurationPlatforms) = preSolution
		Debug|Any CPU = Debug|Any CPU
		Release|Any CPU = Release|Any CPU
	EndGlobalSection
	GlobalSection(ProjectConfigurationPlatforms) = postSolution
		{2258EE03-77A1-4AD4-BBB0-E7A7FD720862}.Debug|Any CPU.ActiveCfg = Debug|Any CPU
		{2258EE03-77A1-4AD4-BBB0-E7A7FD720862}.Debug|Any CPU.Build.0 = Debug|Any CPU
		{2258EE03-77A1-4AD4-BBB0-E7A7FD720862}.Release|Any CPU.ActiveCfg = Release|Any CPU
		{2258EE03-77A1-4AD4-BBB0-E7A7FD720862}.Release|Any CPU.Build.0 = Release|Any CPU
	EndGlobalSection
	GlobalSection(SolutionProperties) = preSolution
		HideSolutionNode = FALSE
	EndGlobalSection
	GlobalSection(ExtensibilityGlobals) = postSolution
		SolutionGuid = {7E57EF98-2E5C-424D-ADC2-E8A262F14797}
	EndGlobalSection
EndGlobal
